# THIS IS AN AUTOGENERATED FILE. DO NOT EDIT THIS FILE DIRECTLY.
# yarn lockfile v1


bs-json@^1.0.1:
  version "1.0.1"
  resolved "https://registry.yarnpkg.com/bs-json/-/bs-json-1.0.1.tgz#0e25ed5ba7164ab131e494669b755da9844cc37e"

bs-platform@^3.0.0:
  version "3.1.5"
  resolved "https://registry.yarnpkg.com/bs-platform/-/bs-platform-3.1.5.tgz#fb34ee4702bc9163848d5537096c4f31ebaeed40"
